
Microsoft Visual Studio Solution File, Format Version 12.00
# Visual Studio Version 16
VisualStudioVersion = 16.0.29020.237
MinimumVisualStudioVersion = 10.0.40219.1
Project("{9A19103F-16F7-4668-BE54-9A1E7A4F7556}") = "asp-net-core-mvc-example", "AspNetCoreMvcExample\asp-net-core-mvc-example.csproj", "{69F91B25-4516-4FBF-8690-BFC53BA7040B}"
EndProject
Project("{9A19103F-16F7-4668-BE54-9A1E7A4F7556}") = "UnitTests", "UnitTests\UnitTests.csproj", "{2218071C-D8C9-4F25-883D-6BB81D030562}"
EndProject
Global
	GlobalSection(SolutionConfigurationPlatforms) = preSolution
		Debug|Any CPU = Debug|Any CPU
		Release|Any CPU = Release|Any CPU
	EndGlobalSection
	GlobalSection(ProjectConfigurationPlatforms) = postSolution
		{69F91B25-4516-4FBF-8690-BFC53BA7040B}.Debug|Any CPU.ActiveCfg = Debug|Any CPU
		{69F91B25-4516-4FBF-8690-BFC53BA7040B}.Debug|Any CPU.Build.0 = Debug|Any CPU
		{69F91B25-4516-4FBF-8690-BFC53BA7040B}.Release|Any CPU.ActiveCfg = Release|Any CPU
		{69F91B25-4516-4FBF-8690-BFC53BA7040B}.Release|Any CPU.Build.0 = Release|Any CPU
		{2218071C-D8C9-4F25-883D-6BB81D030562}.Debug|Any CPU.ActiveCfg = Debug|Any CPU
		{2218071C-D8C9-4F25-883D-6BB81D030562}.Debug|Any CPU.Build.0 = Debug|Any CPU
		{2218071C-D8C9-4F25-883D-6BB81D030562}.Release|Any CPU.ActiveCfg = Release|Any CPU
		{2218071C-D8C9-4F25-883D-6BB81D030562}.Release|Any CPU.Build.0 = Release|Any CPU
	EndGlobalSection
	GlobalSection(SolutionProperties) = preSolution
		HideSolutionNode = FALSE
	EndGlobalSection
	GlobalSection(ExtensibilityGlobals) = postSolution
		SolutionGuid = {F5E4D7F2-DE29-4741-B238-C84FB97F8C6E}
	EndGlobalSection
EndGlobal
