
Microsoft Visual Studio Solution File, Format Version 12.00
# Visual Studio Version 16
VisualStudioVersion = 16.0.29020.237
MinimumVisualStudioVersion = 10.0.40219.1
Project("{9A19103F-16F7-4668-BE54-9A1E7A4F7556}") = "asp-net-core-mvc-example", "asp-net-core-mvc-example.csproj", "{B8141313-7267-4403-A9A4-59176C9739A6}"
EndProject
Global
	GlobalSection(SolutionConfigurationPlatforms) = preSolution
		Debug|Any CPU = Debug|Any CPU
		Release|Any CPU = Release|Any CPU
	EndGlobalSection
	GlobalSection(ProjectConfigurationPlatforms) = postSolution
		{B8141313-7267-4403-A9A4-59176C9739A6}.Debug|Any CPU.ActiveCfg = Debug|Any CPU
		{B8141313-7267-4403-A9A4-59176C9739A6}.Debug|Any CPU.Build.0 = Debug|Any CPU
		{B8141313-7267-4403-A9A4-59176C9739A6}.Release|Any CPU.ActiveCfg = Release|Any CPU
		{B8141313-7267-4403-A9A4-59176C9739A6}.Release|Any CPU.Build.0 = Release|Any CPU
	EndGlobalSection
	GlobalSection(SolutionProperties) = preSolution
		HideSolutionNode = FALSE
	EndGlobalSection
	GlobalSection(ExtensibilityGlobals) = postSolution
		SolutionGuid = {F5E4D7F2-DE29-4741-B238-C84FB97F8C6E}
	EndGlobalSection
EndGlobal
